
Microsoft Visual Studio Solution File, Format Version 12.00
# Visual Studio Version 16
VisualStudioVersion = 25.0.1704.1
MinimumVisualStudioVersion = 10.0.40219.1
Project("{FAE04EC0-301F-11D3-BF4B-00C04F79EFBC}") = "UoWDemo", "UoWDemo\UoWDemo.csproj", "{CA50A977-5F67-4FAD-B7BB-9B8D6FB21404}"
EndProject
Global
	GlobalSection(SolutionConfigurationPlatforms) = preSolution
		Debug|Any CPU = Debug|Any CPU
		Release|Any CPU = Release|Any CPU
	EndGlobalSection
	GlobalSection(ProjectConfigurationPlatforms) = postSolution
		{CA50A977-5F67-4FAD-B7BB-9B8D6FB21404}.Debug|Any CPU.ActiveCfg = Debug|Any CPU
		{CA50A977-5F67-4FAD-B7BB-9B8D6FB21404}.Debug|Any CPU.Build.0 = Debug|Any CPU
		{CA50A977-5F67-4FAD-B7BB-9B8D6FB21404}.Release|Any CPU.ActiveCfg = Release|Any CPU
		{CA50A977-5F67-4FAD-B7BB-9B8D6FB21404}.Release|Any CPU.Build.0 = Release|Any CPU
	EndGlobalSection
	GlobalSection(SolutionProperties) = preSolution
		HideSolutionNode = FALSE
	EndGlobalSection
	GlobalSection(ExtensibilityGlobals) = postSolution
		SolutionGuid = {5457740A-FA64-44D7-9DC4-D635C3A9D61F}
	EndGlobalSection
EndGlobal
